
Microsoft Visual Studio Solution File, Format Version 12.00
# Visual Studio Version 16
VisualStudioVersion = 16.0.31005.135
MinimumVisualStudioVersion = 10.0.40219.1
Project("{FAE04EC0-301F-11D3-BF4B-00C04F79EFBC}") = "ProcessorFramework", "ProcessorFramework\ProcessorFramework.csproj", "{5372EDE0-034E-43BD-9F46-024BD00055B8}"
EndProject
Global
	GlobalSection(SolutionConfigurationPlatforms) = preSolution
		Debug|Any CPU = Debug|Any CPU
		Release|Any CPU = Release|Any CPU
	EndGlobalSection
	GlobalSection(ProjectConfigurationPlatforms) = postSolution
		{5372EDE0-034E-43BD-9F46-024BD00055B8}.Debug|Any CPU.ActiveCfg = Debug|Any CPU
		{5372EDE0-034E-43BD-9F46-024BD00055B8}.Debug|Any CPU.Build.0 = Debug|Any CPU
		{5372EDE0-034E-43BD-9F46-024BD00055B8}.Release|Any CPU.ActiveCfg = Release|Any CPU
		{5372EDE0-034E-43BD-9F46-024BD00055B8}.Release|Any CPU.Build.0 = Release|Any CPU
	EndGlobalSection
	GlobalSection(SolutionProperties) = preSolution
		HideSolutionNode = FALSE
	EndGlobalSection
	GlobalSection(ExtensibilityGlobals) = postSolution
		SolutionGuid = {B8D4E3B4-0CF2-452E-905C-ED7A003B81AE}
	EndGlobalSection
EndGlobal
